Microsoft Visual Studio Solution File, Format Version 12.00
# Visual Studio Version 17
VisualStudioVersion = 17.3.32901.215
MinimumVisualStudioVersion = 16.0.0.0
Project("{9A19103F-16F7-4668-BE54-9A1E7A4F7556}") = "Demo_Solution", "Demo_Solution\Demo_Solution.csproj", "{51BF6665-1D3F-458C-AC18-1219DEC2F3F3}"
EndProject
Project("{9A19103F-16F7-4668-BE54-9A1E7A4F7556}") = "WeatherService", "WeatherService\WeatherService.csproj", "{583B045E-95C1-4503-97C6-92EF76232137}"
EndProject
Project("{9A19103F-16F7-4668-BE54-9A1E7A4F7556}") = "Demo_Solution_Contract", "Demo_Solution_Contract\Demo_Solution_Contract.csproj", "{5C401385-CC57-4724-8679-73DD2F66B660}"
EndProject
Project("{9A19103F-16F7-4668-BE54-9A1E7A4F7556}") = "WeatherService_Contract", "WeatherService_Contract\WeatherService_Contract.csproj", "{FC37966A-1652-4275-9AFA-BAC3ADD16DE1}"
EndProject
Global
	GlobalSection(SolutionConfigurationPlatforms) = preSolution
		Debug|Any CPU = Debug|Any CPU
		Release|Any CPU = Release|Any CPU
	EndGlobalSection
	GlobalSection(ProjectConfigurationPlatforms) = postSolution
		{51BF6665-1D3F-458C-AC18-1219DEC2F3F3}.Debug|Any CPU.ActiveCfg = Debug|Any CPU
		{51BF6665-1D3F-458C-AC18-1219DEC2F3F3}.Debug|Any CPU.Build.0 = Debug|Any CPU
		{51BF6665-1D3F-458C-AC18-1219DEC2F3F3}.Release|Any CPU.ActiveCfg = Release|Any CPU
		{51BF6665-1D3F-458C-AC18-1219DEC2F3F3}.Release|Any CPU.Build.0 = Release|Any CPU
		{583B045E-95C1-4503-97C6-92EF76232137}.Debug|Any CPU.ActiveCfg = Debug|Any CPU
		{583B045E-95C1-4503-97C6-92EF76232137}.Debug|Any CPU.Build.0 = Debug|Any CPU
		{583B045E-95C1-4503-97C6-92EF76232137}.Release|Any CPU.ActiveCfg = Release|Any CPU
		{583B045E-95C1-4503-97C6-92EF76232137}.Release|Any CPU.Build.0 = Release|Any CPU
		{5C401385-CC57-4724-8679-73DD2F66B660}.Debug|Any CPU.ActiveCfg = Debug|Any CPU
		{5C401385-CC57-4724-8679-73DD2F66B660}.Debug|Any CPU.Build.0 = Debug|Any CPU
		{5C401385-CC57-4724-8679-73DD2F66B660}.Release|Any CPU.ActiveCfg = Release|Any CPU
		{5C401385-CC57-4724-8679-73DD2F66B660}.Release|Any CPU.Build.0 = Release|Any CPU
		{FC37966A-1652-4275-9AFA-BAC3ADD16DE1}.Debug|Any CPU.ActiveCfg = Debug|Any CPU
		{FC37966A-1652-4275-9AFA-BAC3ADD16DE1}.Debug|Any CPU.Build.0 = Debug|Any CPU
		{FC37966A-1652-4275-9AFA-BAC3ADD16DE1}.Release|Any CPU.ActiveCfg = Release|Any CPU
		{FC37966A-1652-4275-9AFA-BAC3ADD16DE1}.Release|Any CPU.Build.0 = Release|Any CPU
	EndGlobalSection
	GlobalSection(SolutionProperties) = preSolution
		HideSolutionNode = FALSE
	EndGlobalSection
	GlobalSection(ExtensibilityGlobals) = postSolution
		SolutionGuid = {0DD7D488-B767-48D8-95A0-C2C481308C9A}
	EndGlobalSection
EndGlobal
